
Microsoft Visual Studio Solution File, Format Version 12.00
# Visual Studio Version 16
VisualStudioVersion = 16.0.31515.178
MinimumVisualStudioVersion = 10.0.40219.1
Project("{FAE04EC0-301F-11D3-BF4B-00C04F79EFBC}") = "export_html_to_word", "export_html_to_word.csproj", "{2004B651-55A3-4F85-BDDF-D92C12A87496}"
EndProject
Global
	GlobalSection(SolutionConfigurationPlatforms) = preSolution
		Debug|Any CPU = Debug|Any CPU
		Release|Any CPU = Release|Any CPU
	EndGlobalSection
	GlobalSection(ProjectConfigurationPlatforms) = postSolution
		{2004B651-55A3-4F85-BDDF-D92C12A87496}.Debug|Any CPU.ActiveCfg = Debug|Any CPU
		{2004B651-55A3-4F85-BDDF-D92C12A87496}.Debug|Any CPU.Build.0 = Debug|Any CPU
		{2004B651-55A3-4F85-BDDF-D92C12A87496}.Release|Any CPU.ActiveCfg = Release|Any CPU
		{2004B651-55A3-4F85-BDDF-D92C12A87496}.Release|Any CPU.Build.0 = Release|Any CPU
	EndGlobalSection
	GlobalSection(SolutionProperties) = preSolution
		HideSolutionNode = FALSE
	EndGlobalSection
	GlobalSection(ExtensibilityGlobals) = postSolution
		SolutionGuid = {23231448-45C5-4572-ACD3-0A13B971C34C}
	EndGlobalSection
EndGlobal
